
Microsoft Visual Studio Solution File, Format Version 12.00
# Visual Studio Version 16
VisualStudioVersion = 16.0.31129.286
MinimumVisualStudioVersion = 10.0.40219.1
Project("{9A19103F-16F7-4668-BE54-9A1E7A4F7556}") = "SomeWSRApp.Domain.Layer", "SomeWSRApp.Domain\SomeWSRApp.Domain.Layer.csproj", "{F3BD3523-BD4C-4762-86FF-A3907644DAC0}"
EndProject
Project("{9A19103F-16F7-4668-BE54-9A1E7A4F7556}") = "SomeWSRApp.EF.Layer", "SomeWSRApp.EF\SomeWSRApp.EF.Layer.csproj", "{3317A215-6D51-4EE7-B6C7-AFF598DCA493}"
EndProject
Project("{2150E333-8FDC-42A3-9474-1A3956D46DE8}") = "Tests", "Tests", "{62DD7E19-B0EE-4D0A-AC73-BB39518AF4A9}"
EndProject
Project("{9A19103F-16F7-4668-BE54-9A1E7A4F7556}") = "SomeWSRApp.Domain.Tests", "SomeWSRApp.Domain.Tests\SomeWSRApp.Domain.Tests.csproj", "{D833AE8D-218D-4D51-AEFD-80989C58ADF1}"
EndProject
Project("{9A19103F-16F7-4668-BE54-9A1E7A4F7556}") = "SomeWSRApp.EF.Tests", "SomeWSRApp.EF.Tests\SomeWSRApp.EF.Tests.csproj", "{C8E654CF-D8FA-4D08-BE5A-39F6D9A68838}"
EndProject
Project("{9A19103F-16F7-4668-BE54-9A1E7A4F7556}") = "SomeWSRApp.WinForms.Layer", "SomeWSRApp.WinForms.Layer\SomeWSRApp.WinForms.Layer.csproj", "{C5983CB7-D03B-4A76-9EEF-7A21B00EAA79}"
EndProject
Project("{9A19103F-16F7-4668-BE54-9A1E7A4F7556}") = "SomeWSRApp.WPF.Layer", "SomeWSRApp.WPF.Layer\SomeWSRApp.WPF.Layer.csproj", "{5993A062-64B1-4644-8A5C-DC5DFBEA4559}"
EndProject
Global
	GlobalSection(SolutionConfigurationPlatforms) = preSolution
		Debug|Any CPU = Debug|Any CPU
		Release|Any CPU = Release|Any CPU
	EndGlobalSection
	GlobalSection(ProjectConfigurationPlatforms) = postSolution
		{F3BD3523-BD4C-4762-86FF-A3907644DAC0}.Debug|Any CPU.ActiveCfg = Debug|Any CPU
		{F3BD3523-BD4C-4762-86FF-A3907644DAC0}.Debug|Any CPU.Build.0 = Debug|Any CPU
		{F3BD3523-BD4C-4762-86FF-A3907644DAC0}.Release|Any CPU.ActiveCfg = Release|Any CPU
		{F3BD3523-BD4C-4762-86FF-A3907644DAC0}.Release|Any CPU.Build.0 = Release|Any CPU
		{3317A215-6D51-4EE7-B6C7-AFF598DCA493}.Debug|Any CPU.ActiveCfg = Debug|Any CPU
		{3317A215-6D51-4EE7-B6C7-AFF598DCA493}.Debug|Any CPU.Build.0 = Debug|Any CPU
		{3317A215-6D51-4EE7-B6C7-AFF598DCA493}.Release|Any CPU.ActiveCfg = Release|Any CPU
		{3317A215-6D51-4EE7-B6C7-AFF598DCA493}.Release|Any CPU.Build.0 = Release|Any CPU
		{D833AE8D-218D-4D51-AEFD-80989C58ADF1}.Debug|Any CPU.ActiveCfg = Debug|Any CPU
		{D833AE8D-218D-4D51-AEFD-80989C58ADF1}.Debug|Any CPU.Build.0 = Debug|Any CPU
		{D833AE8D-218D-4D51-AEFD-80989C58ADF1}.Release|Any CPU.ActiveCfg = Release|Any CPU
		{D833AE8D-218D-4D51-AEFD-80989C58ADF1}.Release|Any CPU.Build.0 = Release|Any CPU
		{C8E654CF-D8FA-4D08-BE5A-39F6D9A68838}.Debug|Any CPU.ActiveCfg = Debug|Any CPU
		{C8E654CF-D8FA-4D08-BE5A-39F6D9A68838}.Debug|Any CPU.Build.0 = Debug|Any CPU
		{C8E654CF-D8FA-4D08-BE5A-39F6D9A68838}.Release|Any CPU.ActiveCfg = Release|Any CPU
		{C8E654CF-D8FA-4D08-BE5A-39F6D9A68838}.Release|Any CPU.Build.0 = Release|Any CPU
		{C5983CB7-D03B-4A76-9EEF-7A21B00EAA79}.Debug|Any CPU.ActiveCfg = Debug|Any CPU
		{C5983CB7-D03B-4A76-9EEF-7A21B00EAA79}.Debug|Any CPU.Build.0 = Debug|Any CPU
		{C5983CB7-D03B-4A76-9EEF-7A21B00EAA79}.Release|Any CPU.ActiveCfg = Release|Any CPU
		{C5983CB7-D03B-4A76-9EEF-7A21B00EAA79}.Release|Any CPU.Build.0 = Release|Any CPU
		{5993A062-64B1-4644-8A5C-DC5DFBEA4559}.Debug|Any CPU.ActiveCfg = Debug|Any CPU
		{5993A062-64B1-4644-8A5C-DC5DFBEA4559}.Debug|Any CPU.Build.0 = Debug|Any CPU
		{5993A062-64B1-4644-8A5C-DC5DFBEA4559}.Release|Any CPU.ActiveCfg = Release|Any CPU
		{5993A062-64B1-4644-8A5C-DC5DFBEA4559}.Release|Any CPU.Build.0 = Release|Any CPU
	EndGlobalSection
	GlobalSection(SolutionProperties) = preSolution
		HideSolutionNode = FALSE
	EndGlobalSection
	GlobalSection(NestedProjects) = preSolution
		{D833AE8D-218D-4D51-AEFD-80989C58ADF1} = {62DD7E19-B0EE-4D0A-AC73-BB39518AF4A9}
		{C8E654CF-D8FA-4D08-BE5A-39F6D9A68838} = {62DD7E19-B0EE-4D0A-AC73-BB39518AF4A9}
	EndGlobalSection
	GlobalSection(ExtensibilityGlobals) = postSolution
		SolutionGuid = {736B1DE5-1107-4869-B675-27F3281AD934}
	EndGlobalSection
EndGlobal
